
Microsoft Visual Studio Solution File, Format Version 12.00
# Visual Studio 15
VisualStudioVersion = 15.0.27703.2035
MinimumVisualStudioVersion = 10.0.40219.1
Project("{FAE04EC0-301F-11D3-BF4B-00C04F79EFBC}") = "Console_Write_YAML", "Console_Write_YAML\Console_Write_YAML.csproj", "{BE3C041D-CB59-49C0-8EB2-4EDCDE96C7AD}"
EndProject
Global
	GlobalSection(SolutionConfigurationPlatforms) = preSolution
		Debug|Any CPU = Debug|Any CPU
		Release|Any CPU = Release|Any CPU
	EndGlobalSection
	GlobalSection(ProjectConfigurationPlatforms) = postSolution
		{BE3C041D-CB59-49C0-8EB2-4EDCDE96C7AD}.Debug|Any CPU.ActiveCfg = Debug|Any CPU
		{BE3C041D-CB59-49C0-8EB2-4EDCDE96C7AD}.Debug|Any CPU.Build.0 = Debug|Any CPU
		{BE3C041D-CB59-49C0-8EB2-4EDCDE96C7AD}.Release|Any CPU.ActiveCfg = Release|Any CPU
		{BE3C041D-CB59-49C0-8EB2-4EDCDE96C7AD}.Release|Any CPU.Build.0 = Release|Any CPU
	EndGlobalSection
	GlobalSection(SolutionProperties) = preSolution
		HideSolutionNode = FALSE
	EndGlobalSection
	GlobalSection(ExtensibilityGlobals) = postSolution
		SolutionGuid = {87EA4CBA-6065-4183-8310-D312BE65E534}
	EndGlobalSection
EndGlobal
